PODS:
  - neovmUtils (1.4.1):
    - NetworkUtils (= 0.5.3)
    - RyuCrypto (= 0.0.1)
    - Socket.IO-Client-Swift (= 14.0.0)
  - NetworkUtils (0.5.3):
    - SwiftPromises (= 0.0.4)
  - RyuCrypto (0.0.1)
  - Socket.IO-Client-Swift (14.0.0):
    - Starscream (~> 3.0.6)
  - Starscream (3.0.6)
  - SwiftPromises (0.0.4)

DEPENDENCIES:
  - neovmUtils (from `./`)
  - NetworkUtils (= 0.5.3)
  - RyuCrypto (= 0.0.1)
  - Socket.IO-Client-Swift (= 14.0.0)

SPEC REPOS:
  https://github.com/cocoapods/specs.git:
    - NetworkUtils
    - RyuCrypto
    - Socket.IO-Client-Swift
    - Starscream
    - SwiftPromises

EXTERNAL SOURCES:
  neovmUtils:
    :path: "./"

SPEC CHECKSUMS:
  neovmUtils: 7f0ccb104223bbc147a7e12fb1e620d530cede55
  NetworkUtils: 7117ce530907ce91a512f4e7da4afe87c6527164
  RyuCrypto: 4395cd6eba1e291c5ad6b819feb73bc35cdd9402
  Socket.IO-Client-Swift: 21e6a8a23a7d367d5ddfab6cbbd3c679cf3c25d6
  Starscream: ef3ece99d765eeccb67de105bfa143f929026cf5
  SwiftPromises: 390246636d7e213d0a5beb03f62d5603c795b117

PODFILE CHECKSUM: 98929810d210d1bf6062c08a5bde60f7eba10063

COCOAPODS: 1.6.1
