PODS:
  - neovmUtils (1.5.9):
    - NetworkUtils (= 1.0.0)
    - RyuCrypto (= 0.0.1)
    - Socket.IO-Client-Swift (= 14.0.0)
  - NetworkUtils (1.0.0):
    - SwiftPromises (= 1.0.1)
  - RyuCrypto (0.0.1)
  - Socket.IO-Client-Swift (14.0.0):
    - Starscream (~> 3.0.6)
  - Starscream (3.0.6)
  - SwiftPromises (1.0.1)

DEPENDENCIES:
  - neovmUtils (from `./`)
  - NetworkUtils (= 1.0.0)
  - RyuCrypto (= 0.0.1)
  - Socket.IO-Client-Swift (= 14.0.0)

SPEC REPOS:
  https://github.com/CocoaPods/Specs.git:
    - RyuCrypto
    - Socket.IO-Client-Swift
    - Starscream
  trunk:
    - NetworkUtils
    - SwiftPromises

EXTERNAL SOURCES:
  neovmUtils:
    :path: "./"

SPEC CHECKSUMS:
  neovmUtils: d6ea32916ab28a19282c26837948717929510b2c
  NetworkUtils: 09ce7a4abb4916c7458f8861fe12c4869ef3e284
  RyuCrypto: 4395cd6eba1e291c5ad6b819feb73bc35cdd9402
  Socket.IO-Client-Swift: 21e6a8a23a7d367d5ddfab6cbbd3c679cf3c25d6
  Starscream: ef3ece99d765eeccb67de105bfa143f929026cf5
  SwiftPromises: 8c7a2930dafb459e679af48ea667cc067fba9692

PODFILE CHECKSUM: 0f78d72e255709b769096a56dad106f7ac177295

COCOAPODS: 1.8.0
