// !$*UTF8*$!
{
	archiveVersion = 1;
	classes = {
	};
	objectVersion = 46;
	objects = {

/* Begin PBXBuildFile section */
		23A5A664E1604A98B30A541C /* Pods_neovmUtils_Tests.framework in Frameworks */ = {isa = PBXBuildFile; fileRef = F456429103DFD18E76CEF465 /* Pods_neovmUtils_Tests.framework */; };
		607FACEC1AFB9204008FA782 /* Tests.swift in Sources */ = {isa = PBXBuildFile; fileRef = 607FACEB1AFB9204008FA782 /* Tests.swift */; };
		690E103E6A4FE287E583687B /* Pods_neovmUtilsExample.framework in Frameworks */ = {isa = PBXBuildFile; fileRef = F1B185E068026CC4121840E7 /* Pods_neovmUtilsExample.framework */; };
		7F2887A4223C6F810049FA4F /* OEP4.swift in Sources */ = {isa = PBXBuildFile; fileRef = 7F2887A3223C6F810049FA4F /* OEP4.swift */; };
		7F2887A8223C73120049FA4F /* OEP8.swift in Sources */ = {isa = PBXBuildFile; fileRef = 7F2887A7223C73120049FA4F /* OEP8.swift */; };
		7F6EF749221AFF8C00B20AA7 /* QRView.swift in Sources */ = {isa = PBXBuildFile; fileRef = 7F6EF748221AFF8C00B20AA7 /* QRView.swift */; };
		7F6EF753221C0CCA00B20AA7 /* AppDelegate.swift in Sources */ = {isa = PBXBuildFile; fileRef = 7F6EF752221C0CCA00B20AA7 /* AppDelegate.swift */; };
		7F6EF755221C0CCA00B20AA7 /* ViewController.swift in Sources */ = {isa = PBXBuildFile; fileRef = 7F6EF754221C0CCA00B20AA7 /* ViewController.swift */; };
		7F6EF758221C0CCA00B20AA7 /* Main.storyboard in Resources */ = {isa = PBXBuildFile; fileRef = 7F6EF756221C0CCA00B20AA7 /* Main.storyboard */; };
		7F6EF75A221C0CCD00B20AA7 /* Assets.xcassets in Resources */ = {isa = PBXBuildFile; fileRef = 7F6EF759221C0CCD00B20AA7 /* Assets.xcassets */; };
		7F6EF75D221C0CCD00B20AA7 /* LaunchScreen.storyboard in Resources */ = {isa = PBXBuildFile; fileRef = 7F6EF75B221C0CCD00B20AA7 /* LaunchScreen.storyboard */; };
		7F6EF768221C0CCD00B20AA7 /* neovmUtilsExampleUITests.swift in Sources */ = {isa = PBXBuildFile; fileRef = 7F6EF767221C0CCD00B20AA7 /* neovmUtilsExampleUITests.swift */; };
		7F6EF79F221EE62A00B20AA7 /* OntologyIdentity.swift in Sources */ = {isa = PBXBuildFile; fileRef = 7F6EF79E221EE62A00B20AA7 /* OntologyIdentity.swift */; };
		7F725CE821FF04CA00850C2D /* Foundation.framework in Frameworks */ = {isa = PBXBuildFile; fileRef = 7F725CE721FF04CA00850C2D /* Foundation.framework */; };
		7FD0FC242216F96B00F52C0F /* Crypto.swift in Sources */ = {isa = PBXBuildFile; fileRef = 7FD0FC232216F96B00F52C0F /* Crypto.swift */; };
		7FD0FC262216F99400F52C0F /* Wallet.swift in Sources */ = {isa = PBXBuildFile; fileRef = 7FD0FC252216F99400F52C0F /* Wallet.swift */; };
		7FD0FC282216FA8000F52C0F /* Utils.swift in Sources */ = {isa = PBXBuildFile; fileRef = 7FD0FC272216FA8000F52C0F /* Utils.swift */; };
		7FD0FC2A2216FAC500F52C0F /* OntologyRPC.swift in Sources */ = {isa = PBXBuildFile; fileRef = 7FD0FC292216FAC500F52C0F /* OntologyRPC.swift */; };
		7FD0FC2C2216FB3300F52C0F /* OntologyInvocation.swift in Sources */ = {isa = PBXBuildFile; fileRef = 7FD0FC2B2216FB3300F52C0F /* OntologyInvocation.swift */; };
/* End PBXBuildFile section */

/* Begin PBXContainerItemProxy section */
		7F6EF764221C0CCD00B20AA7 /* PBXContainerItemProxy */ = {
			isa = PBXContainerItemProxy;
			containerPortal = 607FACC81AFB9204008FA782 /* Project object */;
			proxyType = 1;
			remoteGlobalIDString = 7F6EF74F221C0CCA00B20AA7;
			remoteInfo = neovmUtilsExample;
		};
/* End PBXContainerItemProxy section */

/* Begin PBXFileReference section */
		11D54E3E6F1A2BDC166CA1C7 /* neovmUtils.podspec */ = {isa = PBXFileReference; includeInIndex = 1; lastKnownFileType = text; path = neovmUtils.podspec; sourceTree = "<group>"; xcLanguageSpecificationIdentifier = xcode.lang.ruby; };
		2528B724E89C96563820CE12 /* Pods-neovmUtilsExample.release.xcconfig */ = {isa = PBXFileReference; includeInIndex = 1; lastKnownFileType = text.xcconfig; name = "Pods-neovmUtilsExample.release.xcconfig"; path = "Pods/Target Support Files/Pods-neovmUtilsExample/Pods-neovmUtilsExample.release.xcconfig"; sourceTree = "<group>"; };
		2F41F78181412FF1BDE4530E /* Pods-neovmUtilsExample.debug.xcconfig */ = {isa = PBXFileReference; includeInIndex = 1; lastKnownFileType = text.xcconfig; name = "Pods-neovmUtilsExample.debug.xcconfig"; path = "Pods/Target Support Files/Pods-neovmUtilsExample/Pods-neovmUtilsExample.debug.xcconfig"; sourceTree = "<group>"; };
		607FACE51AFB9204008FA782 /* neovmUtils_Tests.xctest */ = {isa = PBXFileReference; explicitFileType = wrapper.cfbundle; includeInIndex = 0; path = neovmUtils_Tests.xctest; sourceTree = BUILT_PRODUCTS_DIR; };
		607FACEA1AFB9204008FA782 /* Info.plist */ = {isa = PBXFileReference; lastKnownFileType = text.plist.xml; path = Info.plist; sourceTree = "<group>"; };
		607FACEB1AFB9204008FA782 /* Tests.swift */ = {isa = PBXFileReference; lastKnownFileType = sourcecode.swift; path = Tests.swift; sourceTree = "<group>"; };
		7F2887A3223C6F810049FA4F /* OEP4.swift */ = {isa = PBXFileReference; lastKnownFileType = sourcecode.swift; path = OEP4.swift; sourceTree = "<group>"; };
		7F2887A7223C73120049FA4F /* OEP8.swift */ = {isa = PBXFileReference; lastKnownFileType = sourcecode.swift; path = OEP8.swift; sourceTree = "<group>"; };
		7F6EF748221AFF8C00B20AA7 /* QRView.swift */ = {isa = PBXFileReference; lastKnownFileType = sourcecode.swift; path = QRView.swift; sourceTree = "<group>"; };
		7F6EF750221C0CCA00B20AA7 /* neovmUtilsExample.app */ = {isa = PBXFileReference; explicitFileType = wrapper.application; includeInIndex = 0; path = neovmUtilsExample.app; sourceTree = BUILT_PRODUCTS_DIR; };
		7F6EF752221C0CCA00B20AA7 /* AppDelegate.swift */ = {isa = PBXFileReference; lastKnownFileType = sourcecode.swift; path = AppDelegate.swift; sourceTree = "<group>"; };
		7F6EF754221C0CCA00B20AA7 /* ViewController.swift */ = {isa = PBXFileReference; lastKnownFileType = sourcecode.swift; path = ViewController.swift; sourceTree = "<group>"; };
		7F6EF757221C0CCA00B20AA7 /* Base */ = {isa = PBXFileReference; lastKnownFileType = file.storyboard; name = Base; path = Base.lproj/Main.storyboard; sourceTree = "<group>"; };
		7F6EF759221C0CCD00B20AA7 /* Assets.xcassets */ = {isa = PBXFileReference; lastKnownFileType = folder.assetcatalog; path = Assets.xcassets; sourceTree = "<group>"; };
		7F6EF75C221C0CCD00B20AA7 /* Base */ = {isa = PBXFileReference; lastKnownFileType = file.storyboard; name = Base; path = Base.lproj/LaunchScreen.storyboard; sourceTree = "<group>"; };
		7F6EF75E221C0CCD00B20AA7 /* Info.plist */ = {isa = PBXFileReference; lastKnownFileType = text.plist.xml; path = Info.plist; sourceTree = "<group>"; };
		7F6EF763221C0CCD00B20AA7 /* neovmUtilsExampleUITests.xctest */ = {isa = PBXFileReference; explicitFileType = wrapper.cfbundle; includeInIndex = 0; path = neovmUtilsExampleUITests.xctest; sourceTree = BUILT_PRODUCTS_DIR; };
		7F6EF767221C0CCD00B20AA7 /* neovmUtilsExampleUITests.swift */ = {isa = PBXFileReference; lastKnownFileType = sourcecode.swift; path = neovmUtilsExampleUITests.swift; sourceTree = "<group>"; };
		7F6EF769221C0CCD00B20AA7 /* Info.plist */ = {isa = PBXFileReference; lastKnownFileType = text.plist.xml; path = Info.plist; sourceTree = "<group>"; };
		7F6EF79E221EE62A00B20AA7 /* OntologyIdentity.swift */ = {isa = PBXFileReference; lastKnownFileType = sourcecode.swift; path = OntologyIdentity.swift; sourceTree = "<group>"; };
		7F725CE721FF04CA00850C2D /* Foundation.framework */ = {isa = PBXFileReference; lastKnownFileType = wrapper.framework; name = Foundation.framework; path = System/Library/Frameworks/Foundation.framework; sourceTree = SDKROOT; };
		7F95D5C42244C74800DEAF90 /* neoutils.framework */ = {isa = PBXFileReference; lastKnownFileType = wrapper.framework; path = neoutils.framework; sourceTree = "<group>"; };
		7FD0FC232216F96B00F52C0F /* Crypto.swift */ = {isa = PBXFileReference; lastKnownFileType = sourcecode.swift; path = Crypto.swift; sourceTree = "<group>"; };
		7FD0FC252216F99400F52C0F /* Wallet.swift */ = {isa = PBXFileReference; lastKnownFileType = sourcecode.swift; path = Wallet.swift; sourceTree = "<group>"; };
		7FD0FC272216FA8000F52C0F /* Utils.swift */ = {isa = PBXFileReference; lastKnownFileType = sourcecode.swift; path = Utils.swift; sourceTree = "<group>"; };
		7FD0FC292216FAC500F52C0F /* OntologyRPC.swift */ = {isa = PBXFileReference; lastKnownFileType = sourcecode.swift; path = OntologyRPC.swift; sourceTree = "<group>"; };
		7FD0FC2B2216FB3300F52C0F /* OntologyInvocation.swift */ = {isa = PBXFileReference; lastKnownFileType = sourcecode.swift; path = OntologyInvocation.swift; sourceTree = "<group>"; };
		BBBB5BA3FC5B0631497C3D8E /* Pods-neovmUtils_Tests.release.xcconfig */ = {isa = PBXFileReference; includeInIndex = 1; lastKnownFileType = text.xcconfig; name = "Pods-neovmUtils_Tests.release.xcconfig"; path = "Pods/Target Support Files/Pods-neovmUtils_Tests/Pods-neovmUtils_Tests.release.xcconfig"; sourceTree = "<group>"; };
		BC6F233EC5E38887EC244709 /* LICENSE */ = {isa = PBXFileReference; includeInIndex = 1; lastKnownFileType = text; path = LICENSE; sourceTree = "<group>"; };
		CEE1B85670C5A8A3A335B23E /* Pods-neovmUtils_Tests.debug.xcconfig */ = {isa = PBXFileReference; includeInIndex = 1; lastKnownFileType = text.xcconfig; name = "Pods-neovmUtils_Tests.debug.xcconfig"; path = "Pods/Target Support Files/Pods-neovmUtils_Tests/Pods-neovmUtils_Tests.debug.xcconfig"; sourceTree = "<group>"; };
		D193F19DF3696D3C2F47FA33 /* Pods_neovmUtilsExampleUITests.framework */ = {isa = PBXFileReference; explicitFileType = wrapper.framework; includeInIndex = 0; path = Pods_neovmUtilsExampleUITests.framework; sourceTree = BUILT_PRODUCTS_DIR; };
		F1B185E068026CC4121840E7 /* Pods_neovmUtilsExample.framework */ = {isa = PBXFileReference; explicitFileType = wrapper.framework; includeInIndex = 0; path = Pods_neovmUtilsExample.framework; sourceTree = BUILT_PRODUCTS_DIR; };
		F2BFC57897958F36981CB9D5 /* README.md */ = {isa = PBXFileReference; includeInIndex = 1; lastKnownFileType = net.daringfireball.markdown; path = README.md; sourceTree = "<group>"; };
		F456429103DFD18E76CEF465 /* Pods_neovmUtils_Tests.framework */ = {isa = PBXFileReference; explicitFileType = wrapper.framework; includeInIndex = 0; path = Pods_neovmUtils_Tests.framework; sourceTree = BUILT_PRODUCTS_DIR; };
/* End PBXFileReference section */

/* Begin PBXFrameworksBuildPhase section */
		607FACE21AFB9204008FA782 /* Frameworks */ = {
			isa = PBXFrameworksBuildPhase;
			buildActionMask = 2147483647;
			files = (
				7F725CE821FF04CA00850C2D /* Foundation.framework in Frameworks */,
				23A5A664E1604A98B30A541C /* Pods_neovmUtils_Tests.framework in Frameworks */,
			);
			runOnlyForDeploymentPostprocessing = 0;
		};
		7F6EF74D221C0CCA00B20AA7 /* Frameworks */ = {
			isa = PBXFrameworksBuildPhase;
			buildActionMask = 2147483647;
			files = (
				690E103E6A4FE287E583687B /* Pods_neovmUtilsExample.framework in Frameworks */,
			);
			runOnlyForDeploymentPostprocessing = 0;
		};
		7F6EF760221C0CCD00B20AA7 /* Frameworks */ = {
			isa = PBXFrameworksBuildPhase;
			buildActionMask = 2147483647;
			files = (
			);
			runOnlyForDeploymentPostprocessing = 0;
		};
/* End PBXFrameworksBuildPhase section */

/* Begin PBXGroup section */
		30540CB462BF256BE383D51E /* Pods */ = {
			isa = PBXGroup;
			children = (
				CEE1B85670C5A8A3A335B23E /* Pods-neovmUtils_Tests.debug.xcconfig */,
				BBBB5BA3FC5B0631497C3D8E /* Pods-neovmUtils_Tests.release.xcconfig */,
				2F41F78181412FF1BDE4530E /* Pods-neovmUtilsExample.debug.xcconfig */,
				2528B724E89C96563820CE12 /* Pods-neovmUtilsExample.release.xcconfig */,
			);
			name = Pods;
			sourceTree = "<group>";
		};
		607FACC71AFB9204008FA782 = {
			isa = PBXGroup;
			children = (
				7F3AD42E2200627700B45C16 /* Classes */,
				607FACF51AFB993E008FA782 /* Podspec Metadata */,
				607FACE81AFB9204008FA782 /* Tests */,
				7F6EF751221C0CCA00B20AA7 /* neovmUtilsExample */,
				7F6EF766221C0CCD00B20AA7 /* neovmUtilsExampleUITests */,
				607FACD11AFB9204008FA782 /* Products */,
				BB75E40C24537D4E61108C25 /* Frameworks */,
				30540CB462BF256BE383D51E /* Pods */,
			);
			sourceTree = "<group>";
		};
		607FACD11AFB9204008FA782 /* Products */ = {
			isa = PBXGroup;
			children = (
				607FACE51AFB9204008FA782 /* neovmUtils_Tests.xctest */,
				7F6EF750221C0CCA00B20AA7 /* neovmUtilsExample.app */,
				7F6EF763221C0CCD00B20AA7 /* neovmUtilsExampleUITests.xctest */,
			);
			name = Products;
			sourceTree = "<group>";
		};
		607FACE81AFB9204008FA782 /* Tests */ = {
			isa = PBXGroup;
			children = (
				607FACEB1AFB9204008FA782 /* Tests.swift */,
				607FACE91AFB9204008FA782 /* Supporting Files */,
			);
			path = Tests;
			sourceTree = "<group>";
		};
		607FACE91AFB9204008FA782 /* Supporting Files */ = {
			isa = PBXGroup;
			children = (
				607FACEA1AFB9204008FA782 /* Info.plist */,
			);
			name = "Supporting Files";
			sourceTree = "<group>";
		};
		607FACF51AFB993E008FA782 /* Podspec Metadata */ = {
			isa = PBXGroup;
			children = (
				11D54E3E6F1A2BDC166CA1C7 /* neovmUtils.podspec */,
				F2BFC57897958F36981CB9D5 /* README.md */,
				BC6F233EC5E38887EC244709 /* LICENSE */,
			);
			name = "Podspec Metadata";
			sourceTree = "<group>";
		};
		7F3AD42E2200627700B45C16 /* Classes */ = {
			isa = PBXGroup;
			children = (
				7FD0FC232216F96B00F52C0F /* Crypto.swift */,
				7F2887A3223C6F810049FA4F /* OEP4.swift */,
				7F2887A7223C73120049FA4F /* OEP8.swift */,
				7F6EF79E221EE62A00B20AA7 /* OntologyIdentity.swift */,
				7FD0FC2B2216FB3300F52C0F /* OntologyInvocation.swift */,
				7FD0FC292216FAC500F52C0F /* OntologyRPC.swift */,
				7F6EF748221AFF8C00B20AA7 /* QRView.swift */,
				7FD0FC272216FA8000F52C0F /* Utils.swift */,
				7FD0FC252216F99400F52C0F /* Wallet.swift */,
			);
			name = Classes;
			path = neovmUtils/Classes;
			sourceTree = "<group>";
		};
		7F6EF751221C0CCA00B20AA7 /* neovmUtilsExample */ = {
			isa = PBXGroup;
			children = (
				7F6EF752221C0CCA00B20AA7 /* AppDelegate.swift */,
				7F6EF754221C0CCA00B20AA7 /* ViewController.swift */,
				7F6EF756221C0CCA00B20AA7 /* Main.storyboard */,
				7F6EF759221C0CCD00B20AA7 /* Assets.xcassets */,
				7F6EF75B221C0CCD00B20AA7 /* LaunchScreen.storyboard */,
				7F6EF75E221C0CCD00B20AA7 /* Info.plist */,
			);
			path = neovmUtilsExample;
			sourceTree = "<group>";
		};
		7F6EF766221C0CCD00B20AA7 /* neovmUtilsExampleUITests */ = {
			isa = PBXGroup;
			children = (
				7F6EF767221C0CCD00B20AA7 /* neovmUtilsExampleUITests.swift */,
				7F6EF769221C0CCD00B20AA7 /* Info.plist */,
			);
			path = neovmUtilsExampleUITests;
			sourceTree = "<group>";
		};
		BB75E40C24537D4E61108C25 /* Frameworks */ = {
			isa = PBXGroup;
			children = (
				7F95D5C42244C74800DEAF90 /* neoutils.framework */,
				7F725CE721FF04CA00850C2D /* Foundation.framework */,
				F456429103DFD18E76CEF465 /* Pods_neovmUtils_Tests.framework */,
				F1B185E068026CC4121840E7 /* Pods_neovmUtilsExample.framework */,
				D193F19DF3696D3C2F47FA33 /* Pods_neovmUtilsExampleUITests.framework */,
			);
			name = Frameworks;
			sourceTree = "<group>";
		};
/* End PBXGroup section */

/* Begin PBXNativeTarget section */
		607FACE41AFB9204008FA782 /* neovmUtils_Tests */ = {
			isa = PBXNativeTarget;
			buildConfigurationList = 607FACF21AFB9204008FA782 /* Build configuration list for PBXNativeTarget "neovmUtils_Tests" */;
			buildPhases = (
				CC43589D92A39C71B07F78B0 /* [CP] Check Pods Manifest.lock */,
				607FACE11AFB9204008FA782 /* Sources */,
				607FACE21AFB9204008FA782 /* Frameworks */,
				08A14174328C4B6AD5D74D40 /* [CP] Embed Pods Frameworks */,
			);
			buildRules = (
			);
			dependencies = (
			);
			name = neovmUtils_Tests;
			productName = Tests;
			productReference = 607FACE51AFB9204008FA782 /* neovmUtils_Tests.xctest */;
			productType = "com.apple.product-type.bundle.unit-test";
		};
		7F6EF74F221C0CCA00B20AA7 /* neovmUtilsExample */ = {
			isa = PBXNativeTarget;
			buildConfigurationList = 7F6EF76A221C0CCD00B20AA7 /* Build configuration list for PBXNativeTarget "neovmUtilsExample" */;
			buildPhases = (
				A9C3492341B40B146EFCCC42 /* [CP] Check Pods Manifest.lock */,
				7F6EF74C221C0CCA00B20AA7 /* Sources */,
				7F6EF74D221C0CCA00B20AA7 /* Frameworks */,
				7F6EF74E221C0CCA00B20AA7 /* Resources */,
				41BEC85D8E956952F6681290 /* [CP] Embed Pods Frameworks */,
			);
			buildRules = (
			);
			dependencies = (
			);
			name = neovmUtilsExample;
			productName = neovmUtilsExample;
			productReference = 7F6EF750221C0CCA00B20AA7 /* neovmUtilsExample.app */;
			productType = "com.apple.product-type.application";
		};
		7F6EF762221C0CCD00B20AA7 /* neovmUtilsExampleUITests */ = {
			isa = PBXNativeTarget;
			buildConfigurationList = 7F6EF76D221C0CCD00B20AA7 /* Build configuration list for PBXNativeTarget "neovmUtilsExampleUITests" */;
			buildPhases = (
				7F6EF75F221C0CCD00B20AA7 /* Sources */,
				7F6EF760221C0CCD00B20AA7 /* Frameworks */,
				7F6EF761221C0CCD00B20AA7 /* Resources */,
			);
			buildRules = (
			);
			dependencies = (
				7F6EF765221C0CCD00B20AA7 /* PBXTargetDependency */,
			);
			name = neovmUtilsExampleUITests;
			productName = neovmUtilsExampleUITests;
			productReference = 7F6EF763221C0CCD00B20AA7 /* neovmUtilsExampleUITests.xctest */;
			productType = "com.apple.product-type.bundle.ui-testing";
		};
/* End PBXNativeTarget section */

/* Begin PBXProject section */
		607FACC81AFB9204008FA782 /* Project object */ = {
			isa = PBXProject;
			attributes = {
				LastSwiftUpdateCheck = 1010;
				LastUpgradeCheck = 1020;
				ORGANIZATIONNAME = "Ryu Blockchain Technologies";
				TargetAttributes = {
					607FACE41AFB9204008FA782 = {
						CreatedOnToolsVersion = 6.3.1;
						DevelopmentTeam = 6RN58493KK;
						LastSwiftMigration = 1020;
					};
					7F6EF74F221C0CCA00B20AA7 = {
						CreatedOnToolsVersion = 10.1;
						DevelopmentTeam = 6RN58493KK;
						ProvisioningStyle = Automatic;
					};
					7F6EF762221C0CCD00B20AA7 = {
						CreatedOnToolsVersion = 10.1;
						DevelopmentTeam = 6RN58493KK;
						ProvisioningStyle = Automatic;
						TestTargetID = 7F6EF74F221C0CCA00B20AA7;
					};
				};
			};
			buildConfigurationList = 607FACCB1AFB9204008FA782 /* Build configuration list for PBXProject "neovmUtils" */;
			compatibilityVersion = "Xcode 3.2";
			developmentRegion = en;
			hasScannedForEncodings = 0;
			knownRegions = (
				en,
				Base,
			);
			mainGroup = 607FACC71AFB9204008FA782;
			productRefGroup = 607FACD11AFB9204008FA782 /* Products */;
			projectDirPath = "";
			projectRoot = "";
			targets = (
				607FACE41AFB9204008FA782 /* neovmUtils_Tests */,
				7F6EF74F221C0CCA00B20AA7 /* neovmUtilsExample */,
				7F6EF762221C0CCD00B20AA7 /* neovmUtilsExampleUITests */,
			);
		};
/* End PBXProject section */

/* Begin PBXResourcesBuildPhase section */
		7F6EF74E221C0CCA00B20AA7 /* Resources */ = {
			isa = PBXResourcesBuildPhase;
			buildActionMask = 2147483647;
			files = (
				7F6EF75D221C0CCD00B20AA7 /* LaunchScreen.storyboard in Resources */,
				7F6EF75A221C0CCD00B20AA7 /* Assets.xcassets in Resources */,
				7F6EF758221C0CCA00B20AA7 /* Main.storyboard in Resources */,
			);
			runOnlyForDeploymentPostprocessing = 0;
		};
		7F6EF761221C0CCD00B20AA7 /* Resources */ = {
			isa = PBXResourcesBuildPhase;
			buildActionMask = 2147483647;
			files = (
			);
			runOnlyForDeploymentPostprocessing = 0;
		};
/* End PBXResourcesBuildPhase section */

/* Begin PBXShellScriptBuildPhase section */
		08A14174328C4B6AD5D74D40 /* [CP] Embed Pods Frameworks */ = {
			isa = PBXShellScriptBuildPhase;
			buildActionMask = 2147483647;
			files = (
			);
			inputFileListPaths = (
			);
			inputPaths = (
				"${PODS_ROOT}/Target Support Files/Pods-neovmUtils_Tests/Pods-neovmUtils_Tests-frameworks.sh",
				"${BUILT_PRODUCTS_DIR}/RyuCrypto/RyuCrypto.framework",
			);
			name = "[CP] Embed Pods Frameworks";
			outputFileListPaths = (
			);
			outputPaths = (
				"${TARGET_BUILD_DIR}/${FRAMEWORKS_FOLDER_PATH}/RyuCrypto.framework",
			);
			runOnlyForDeploymentPostprocessing = 0;
			shellPath = /bin/sh;
			shellScript = "\"${PODS_ROOT}/Target Support Files/Pods-neovmUtils_Tests/Pods-neovmUtils_Tests-frameworks.sh\"\n";
			showEnvVarsInLog = 0;
		};
		41BEC85D8E956952F6681290 /* [CP] Embed Pods Frameworks */ = {
			isa = PBXShellScriptBuildPhase;
			buildActionMask = 2147483647;
			files = (
			);
			inputFileListPaths = (
			);
			inputPaths = (
				"${PODS_ROOT}/Target Support Files/Pods-neovmUtilsExample/Pods-neovmUtilsExample-frameworks.sh",
				"${BUILT_PRODUCTS_DIR}/RyuCrypto/RyuCrypto.framework",
				"${BUILT_PRODUCTS_DIR}/neovmUtils/neovmUtils.framework",
			);
			name = "[CP] Embed Pods Frameworks";
			outputFileListPaths = (
			);
			outputPaths = (
				"${TARGET_BUILD_DIR}/${FRAMEWORKS_FOLDER_PATH}/RyuCrypto.framework",
				"${TARGET_BUILD_DIR}/${FRAMEWORKS_FOLDER_PATH}/neovmUtils.framework",
			);
			runOnlyForDeploymentPostprocessing = 0;
			shellPath = /bin/sh;
			shellScript = "\"${PODS_ROOT}/Target Support Files/Pods-neovmUtilsExample/Pods-neovmUtilsExample-frameworks.sh\"\n";
			showEnvVarsInLog = 0;
		};
		A9C3492341B40B146EFCCC42 /* [CP] Check Pods Manifest.lock */ = {
			isa = PBXShellScriptBuildPhase;
			buildActionMask = 2147483647;
			files = (
			);
			inputFileListPaths = (
			);
			inputPaths = (
				"${PODS_PODFILE_DIR_PATH}/Podfile.lock",
				"${PODS_ROOT}/Manifest.lock",
			);
			name = "[CP] Check Pods Manifest.lock";
			outputFileListPaths = (
			);
			outputPaths = (
				"$(DERIVED_FILE_DIR)/Pods-neovmUtilsExample-checkManifestLockResult.txt",
			);
			runOnlyForDeploymentPostprocessing = 0;
			shellPath = /bin/sh;
			shellScript = "diff \"${PODS_PODFILE_DIR_PATH}/Podfile.lock\" \"${PODS_ROOT}/Manifest.lock\" > /dev/null\nif [ $? != 0 ] ; then\n    # print error to STDERR\n    echo \"error: The sandbox is not in sync with the Podfile.lock. Run 'pod install' or update your CocoaPods installation.\" >&2\n    exit 1\nfi\n# This output is used by Xcode 'outputs' to avoid re-running this script phase.\necho \"SUCCESS\" > \"${SCRIPT_OUTPUT_FILE_0}\"\n";
			showEnvVarsInLog = 0;
		};
		CC43589D92A39C71B07F78B0 /* [CP] Check Pods Manifest.lock */ = {
			isa = PBXShellScriptBuildPhase;
			buildActionMask = 2147483647;
			files = (
			);
			inputFileListPaths = (
			);
			inputPaths = (
				"${PODS_PODFILE_DIR_PATH}/Podfile.lock",
				"${PODS_ROOT}/Manifest.lock",
			);
			name = "[CP] Check Pods Manifest.lock";
			outputFileListPaths = (
			);
			outputPaths = (
				"$(DERIVED_FILE_DIR)/Pods-neovmUtils_Tests-checkManifestLockResult.txt",
			);
			runOnlyForDeploymentPostprocessing = 0;
			shellPath = /bin/sh;
			shellScript = "diff \"${PODS_PODFILE_DIR_PATH}/Podfile.lock\" \"${PODS_ROOT}/Manifest.lock\" > /dev/null\nif [ $? != 0 ] ; then\n    # print error to STDERR\n    echo \"error: The sandbox is not in sync with the Podfile.lock. Run 'pod install' or update your CocoaPods installation.\" >&2\n    exit 1\nfi\n# This output is used by Xcode 'outputs' to avoid re-running this script phase.\necho \"SUCCESS\" > \"${SCRIPT_OUTPUT_FILE_0}\"\n";
			showEnvVarsInLog = 0;
		};
/* End PBXShellScriptBuildPhase section */

/* Begin PBXSourcesBuildPhase section */
		607FACE11AFB9204008FA782 /* Sources */ = {
			isa = PBXSourcesBuildPhase;
			buildActionMask = 2147483647;
			files = (
				7FD0FC262216F99400F52C0F /* Wallet.swift in Sources */,
				7FD0FC2C2216FB3300F52C0F /* OntologyInvocation.swift in Sources */,
				7FD0FC2A2216FAC500F52C0F /* OntologyRPC.swift in Sources */,
				7FD0FC242216F96B00F52C0F /* Crypto.swift in Sources */,
				607FACEC1AFB9204008FA782 /* Tests.swift in Sources */,
				7FD0FC282216FA8000F52C0F /* Utils.swift in Sources */,
				7F6EF79F221EE62A00B20AA7 /* OntologyIdentity.swift in Sources */,
				7F6EF749221AFF8C00B20AA7 /* QRView.swift in Sources */,
				7F2887A4223C6F810049FA4F /* OEP4.swift in Sources */,
				7F2887A8223C73120049FA4F /* OEP8.swift in Sources */,
			);
			runOnlyForDeploymentPostprocessing = 0;
		};
		7F6EF74C221C0CCA00B20AA7 /* Sources */ = {
			isa = PBXSourcesBuildPhase;
			buildActionMask = 2147483647;
			files = (
				7F6EF755221C0CCA00B20AA7 /* ViewController.swift in Sources */,
				7F6EF753221C0CCA00B20AA7 /* AppDelegate.swift in Sources */,
			);
			runOnlyForDeploymentPostprocessing = 0;
		};
		7F6EF75F221C0CCD00B20AA7 /* Sources */ = {
			isa = PBXSourcesBuildPhase;
			buildActionMask = 2147483647;
			files = (
				7F6EF768221C0CCD00B20AA7 /* neovmUtilsExampleUITests.swift in Sources */,
			);
			runOnlyForDeploymentPostprocessing = 0;
		};
/* End PBXSourcesBuildPhase section */

/* Begin PBXTargetDependency section */
		7F6EF765221C0CCD00B20AA7 /* PBXTargetDependency */ = {
			isa = PBXTargetDependency;
			target = 7F6EF74F221C0CCA00B20AA7 /* neovmUtilsExample */;
			targetProxy = 7F6EF764221C0CCD00B20AA7 /* PBXContainerItemProxy */;
		};
/* End PBXTargetDependency section */

/* Begin PBXVariantGroup section */
		7F6EF756221C0CCA00B20AA7 /* Main.storyboard */ = {
			isa = PBXVariantGroup;
			children = (
				7F6EF757221C0CCA00B20AA7 /* Base */,
			);
			name = Main.storyboard;
			sourceTree = "<group>";
		};
		7F6EF75B221C0CCD00B20AA7 /* LaunchScreen.storyboard */ = {
			isa = PBXVariantGroup;
			children = (
				7F6EF75C221C0CCD00B20AA7 /* Base */,
			);
			name = LaunchScreen.storyboard;
			sourceTree = "<group>";
		};
/* End PBXVariantGroup section */

/* Begin XCBuildConfiguration section */
		607FACED1AFB9204008FA782 /* Debug */ = {
			isa = XCBuildConfiguration;
			buildSettings = {
				ALWAYS_SEARCH_USER_PATHS = NO;
				CLANG_ANALYZER_LOCALIZABILITY_NONLOCALIZED = YES;
				CLANG_CXX_LANGUAGE_STANDARD = "gnu++0x";
				CLANG_CXX_LIBRARY = "libc++";
				CLANG_ENABLE_MODULES = YES;
				CLANG_ENABLE_OBJC_ARC = YES;
				CLANG_WARN_BLOCK_CAPTURE_AUTORELEASING = YES;
				CLANG_WARN_BOOL_CONVERSION = YES;
				CLANG_WARN_COMMA = YES;
				CLANG_WARN_CONSTANT_CONVERSION = YES;
				CLANG_WARN_DEPRECATED_OBJC_IMPLEMENTATIONS = YES;
				CLANG_WARN_DIRECT_OBJC_ISA_USAGE = YES_ERROR;
				CLANG_WARN_EMPTY_BODY = YES;
				CLANG_WARN_ENUM_CONVERSION = YES;
				CLANG_WARN_INFINITE_RECURSION = YES;
				CLANG_WARN_INT_CONVERSION = YES;
				CLANG_WARN_NON_LITERAL_NULL_CONVERSION = YES;
				CLANG_WARN_OBJC_IMPLICIT_RETAIN_SELF = YES;
				CLANG_WARN_OBJC_LITERAL_CONVERSION = YES;
				CLANG_WARN_OBJC_ROOT_CLASS = YES_ERROR;
				CLANG_WARN_RANGE_LOOP_ANALYSIS = YES;
				CLANG_WARN_STRICT_PROTOTYPES = YES;
				CLANG_WARN_SUSPICIOUS_MOVE = YES;
				CLANG_WARN_UNREACHABLE_CODE = YES;
				CLANG_WARN__DUPLICATE_METHOD_MATCH = YES;
				"CODE_SIGN_IDENTITY[sdk=iphoneos*]" = "iPhone Developer";
				COPY_PHASE_STRIP = NO;
				DEBUG_INFORMATION_FORMAT = "dwarf-with-dsym";
				ENABLE_STRICT_OBJC_MSGSEND = YES;
				ENABLE_TESTABILITY = YES;
				FRAMEWORK_SEARCH_PATHS = "";
				GCC_C_LANGUAGE_STANDARD = gnu99;
				GCC_DYNAMIC_NO_PIC = NO;
				GCC_NO_COMMON_BLOCKS = YES;
				GCC_OPTIMIZATION_LEVEL = 0;
				GCC_PREPROCESSOR_DEFINITIONS = (
					"DEBUG=1",
					"$(inherited)",
				);
				GCC_SYMBOLS_PRIVATE_EXTERN = NO;
				GCC_WARN_64_TO_32_BIT_CONVERSION = YES;
				GCC_WARN_ABOUT_RETURN_TYPE = YES_ERROR;
				GCC_WARN_UNDECLARED_SELECTOR = YES;
				GCC_WARN_UNINITIALIZED_AUTOS = YES_AGGRESSIVE;
				GCC_WARN_UNUSED_FUNCTION = YES;
				GCC_WARN_UNUSED_VARIABLE = YES;
				IPHONEOS_DEPLOYMENT_TARGET = 12.0;
				LIBRARY_SEARCH_PATHS = "";
				MODULEMAP_FILE = "$(SRCROOT)/TrezorCrypto/module.modulemap";
				MTL_ENABLE_DEBUG_INFO = YES;
				ONLY_ACTIVE_ARCH = YES;
				SDKROOT = iphoneos;
				SWIFT_INCLUDE_PATHS = "$(SRCROOT)";
				SWIFT_OPTIMIZATION_LEVEL = "-Onone";
				WARNING_CFLAGS = "-Wno-nullability-completeness";
			};
			name = Debug;
		};
		607FACEE1AFB9204008FA782 /* Release */ = {
			isa = XCBuildConfiguration;
			buildSettings = {
				ALWAYS_SEARCH_USER_PATHS = NO;
				CLANG_ANALYZER_LOCALIZABILITY_NONLOCALIZED = YES;
				CLANG_CXX_LANGUAGE_STANDARD = "gnu++0x";
				CLANG_CXX_LIBRARY = "libc++";
				CLANG_ENABLE_MODULES = YES;
				CLANG_ENABLE_OBJC_ARC = YES;
				CLANG_WARN_BLOCK_CAPTURE_AUTORELEASING = YES;
				CLANG_WARN_BOOL_CONVERSION = YES;
				CLANG_WARN_COMMA = YES;
				CLANG_WARN_CONSTANT_CONVERSION = YES;
				CLANG_WARN_DEPRECATED_OBJC_IMPLEMENTATIONS = YES;
				CLANG_WARN_DIRECT_OBJC_ISA_USAGE = YES_ERROR;
				CLANG_WARN_EMPTY_BODY = YES;
				CLANG_WARN_ENUM_CONVERSION = YES;
				CLANG_WARN_INFINITE_RECURSION = YES;
				CLANG_WARN_INT_CONVERSION = YES;
				CLANG_WARN_NON_LITERAL_NULL_CONVERSION = YES;
				CLANG_WARN_OBJC_IMPLICIT_RETAIN_SELF = YES;
				CLANG_WARN_OBJC_LITERAL_CONVERSION = YES;
				CLANG_WARN_OBJC_ROOT_CLASS = YES_ERROR;
				CLANG_WARN_RANGE_LOOP_ANALYSIS = YES;
				CLANG_WARN_STRICT_PROTOTYPES = YES;
				CLANG_WARN_SUSPICIOUS_MOVE = YES;
				CLANG_WARN_UNREACHABLE_CODE = YES;
				CLANG_WARN__DUPLICATE_METHOD_MATCH = YES;
				"CODE_SIGN_IDENTITY[sdk=iphoneos*]" = "iPhone Developer";
				COPY_PHASE_STRIP = NO;
				DEBUG_INFORMATION_FORMAT = "dwarf-with-dsym";
				ENABLE_NS_ASSERTIONS = NO;
				ENABLE_STRICT_OBJC_MSGSEND = YES;
				FRAMEWORK_SEARCH_PATHS = "";
				GCC_C_LANGUAGE_STANDARD = gnu99;
				GCC_NO_COMMON_BLOCKS = YES;
				GCC_WARN_64_TO_32_BIT_CONVERSION = YES;
				GCC_WARN_ABOUT_RETURN_TYPE = YES_ERROR;
				GCC_WARN_UNDECLARED_SELECTOR = YES;
				GCC_WARN_UNINITIALIZED_AUTOS = YES_AGGRESSIVE;
				GCC_WARN_UNUSED_FUNCTION = YES;
				GCC_WARN_UNUSED_VARIABLE = YES;
				IPHONEOS_DEPLOYMENT_TARGET = 12.0;
				LIBRARY_SEARCH_PATHS = "";
				MODULEMAP_FILE = "$(SRCROOT)/TrezorCrypto/module.modulemap";
				MTL_ENABLE_DEBUG_INFO = NO;
				SDKROOT = iphoneos;
				SWIFT_INCLUDE_PATHS = "$(SRCROOT)";
				SWIFT_OPTIMIZATION_LEVEL = "-Owholemodule";
				VALIDATE_PRODUCT = YES;
				WARNING_CFLAGS = "-Wno-nullability-completeness";
			};
			name = Release;
		};
		607FACF31AFB9204008FA782 /* Debug */ = {
			isa = XCBuildConfiguration;
			baseConfigurationReference = CEE1B85670C5A8A3A335B23E /* Pods-neovmUtils_Tests.debug.xcconfig */;
			buildSettings = {
				CLANG_ENABLE_MODULES = YES;
				DEFINES_MODULE = NO;
				DEVELOPMENT_TEAM = 6RN58493KK;
				FRAMEWORK_SEARCH_PATHS = (
					"$(SRCROOT)",
					"$(PROJECT_DIR)",
					"$(inherited)",
				);
				GCC_PREPROCESSOR_DEFINITIONS = (
					"DEBUG=1",
					"$(inherited)",
				);
				HEADER_SEARCH_PATHS = "$(inherited)";
				INFOPLIST_FILE = Tests/Info.plist;
				IPHONEOS_DEPLOYMENT_TARGET = 12.0;
				LD_RUNPATH_SEARCH_PATHS = "$(inherited) @executable_path/Frameworks @loader_path/Frameworks";
				LIBRARY_SEARCH_PATHS = "$(inherited)";
				MODULEMAP_FILE = "$(SRCROOT)/TrezorCrypto/module.modulemap";
				MODULEMAP_PRIVATE_FILE = "";
				ONLY_ACTIVE_ARCH = YES;
				OTHER_LDFLAGS = "$(inherited)";
				PRODUCT_BUNDLE_IDENTIFIER = "org.cocoapods.$(PRODUCT_NAME:rfc1034identifier)";
				PRODUCT_NAME = "$(TARGET_NAME)";
				SCAN_ALL_SOURCE_FILES_FOR_INCLUDES = NO;
				SWIFT_INCLUDE_PATHS = "$(inherited)/**";
				SWIFT_OBJC_BRIDGING_HEADER = "";
				SWIFT_OPTIMIZATION_LEVEL = "-Onone";
				SWIFT_VERSION = 5.0;
			};
			name = Debug;
		};
		607FACF41AFB9204008FA782 /* Release */ = {
			isa = XCBuildConfiguration;
			baseConfigurationReference = BBBB5BA3FC5B0631497C3D8E /* Pods-neovmUtils_Tests.release.xcconfig */;
			buildSettings = {
				CLANG_ENABLE_MODULES = YES;
				DEFINES_MODULE = NO;
				DEVELOPMENT_TEAM = 6RN58493KK;
				FRAMEWORK_SEARCH_PATHS = (
					"$(SRCROOT)",
					"$(PROJECT_DIR)",
					"$(inherited)",
				);
				HEADER_SEARCH_PATHS = "$(inherited)";
				INFOPLIST_FILE = Tests/Info.plist;
				IPHONEOS_DEPLOYMENT_TARGET = 12.0;
				LD_RUNPATH_SEARCH_PATHS = "$(inherited) @executable_path/Frameworks @loader_path/Frameworks";
				LIBRARY_SEARCH_PATHS = "$(inherited)";
				MODULEMAP_FILE = "$(SRCROOT)/TrezorCrypto/module.modulemap";
				MODULEMAP_PRIVATE_FILE = "";
				ONLY_ACTIVE_ARCH = NO;
				OTHER_LDFLAGS = "$(inherited)";
				PRODUCT_BUNDLE_IDENTIFIER = "org.cocoapods.$(PRODUCT_NAME:rfc1034identifier)";
				PRODUCT_NAME = "$(TARGET_NAME)";
				SCAN_ALL_SOURCE_FILES_FOR_INCLUDES = NO;
				SWIFT_INCLUDE_PATHS = "$(inherited)/**";
				SWIFT_OBJC_BRIDGING_HEADER = "";
				SWIFT_VERSION = 5.0;
			};
			name = Release;
		};
		7F6EF76B221C0CCD00B20AA7 /* Debug */ = {
			isa = XCBuildConfiguration;
			baseConfigurationReference = 2F41F78181412FF1BDE4530E /* Pods-neovmUtilsExample.debug.xcconfig */;
			buildSettings = {
				ASSETCATALOG_COMPILER_APPICON_NAME = AppIcon;
				CLANG_ANALYZER_NONNULL = YES;
				CLANG_ANALYZER_NUMBER_OBJECT_CONVERSION = YES_AGGRESSIVE;
				CLANG_CXX_LANGUAGE_STANDARD = "gnu++14";
				CLANG_ENABLE_OBJC_WEAK = YES;
				CLANG_WARN_DOCUMENTATION_COMMENTS = YES;
				CLANG_WARN_UNGUARDED_AVAILABILITY = YES_AGGRESSIVE;
				CODE_SIGN_IDENTITY = "iPhone Developer";
				CODE_SIGN_STYLE = Automatic;
				DEBUG_INFORMATION_FORMAT = dwarf;
				DEVELOPMENT_TEAM = 6RN58493KK;
				FRAMEWORK_SEARCH_PATHS = (
					"$(inherited)",
					"$(PROJECT_DIR)",
				);
				GCC_C_LANGUAGE_STANDARD = gnu11;
				INFOPLIST_FILE = neovmUtilsExample/Info.plist;
				IPHONEOS_DEPLOYMENT_TARGET = 12.1;
				LD_RUNPATH_SEARCH_PATHS = "$(inherited) @executable_path/Frameworks";
				MTL_ENABLE_DEBUG_INFO = INCLUDE_SOURCE;
				MTL_FAST_MATH = YES;
				PRODUCT_BUNDLE_IDENTIFIER = RYU.neovmUtilsExample;
				PRODUCT_NAME = "$(TARGET_NAME)";
				SWIFT_ACTIVE_COMPILATION_CONDITIONS = DEBUG;
				SWIFT_VERSION = 5.0;
				TARGETED_DEVICE_FAMILY = "1,2";
			};
			name = Debug;
		};
		7F6EF76C221C0CCD00B20AA7 /* Release */ = {
			isa = XCBuildConfiguration;
			baseConfigurationReference = 2528B724E89C96563820CE12 /* Pods-neovmUtilsExample.release.xcconfig */;
			buildSettings = {
				ASSETCATALOG_COMPILER_APPICON_NAME = AppIcon;
				CLANG_ANALYZER_NONNULL = YES;
				CLANG_ANALYZER_NUMBER_OBJECT_CONVERSION = YES_AGGRESSIVE;
				CLANG_CXX_LANGUAGE_STANDARD = "gnu++14";
				CLANG_ENABLE_OBJC_WEAK = YES;
				CLANG_WARN_DOCUMENTATION_COMMENTS = YES;
				CLANG_WARN_UNGUARDED_AVAILABILITY = YES_AGGRESSIVE;
				CODE_SIGN_IDENTITY = "iPhone Developer";
				CODE_SIGN_STYLE = Automatic;
				DEVELOPMENT_TEAM = 6RN58493KK;
				FRAMEWORK_SEARCH_PATHS = (
					"$(inherited)",
					"$(PROJECT_DIR)",
				);
				GCC_C_LANGUAGE_STANDARD = gnu11;
				INFOPLIST_FILE = neovmUtilsExample/Info.plist;
				IPHONEOS_DEPLOYMENT_TARGET = 12.1;
				LD_RUNPATH_SEARCH_PATHS = "$(inherited) @executable_path/Frameworks";
				MTL_FAST_MATH = YES;
				PRODUCT_BUNDLE_IDENTIFIER = RYU.neovmUtilsExample;
				PRODUCT_NAME = "$(TARGET_NAME)";
				SWIFT_VERSION = 5.0;
				TARGETED_DEVICE_FAMILY = "1,2";
			};
			name = Release;
		};
		7F6EF76E221C0CCD00B20AA7 /* Debug */ = {
			isa = XCBuildConfiguration;
			buildSettings = {
				CLANG_ANALYZER_NONNULL = YES;
				CLANG_ANALYZER_NUMBER_OBJECT_CONVERSION = YES_AGGRESSIVE;
				CLANG_CXX_LANGUAGE_STANDARD = "gnu++14";
				CLANG_ENABLE_OBJC_WEAK = YES;
				CLANG_WARN_DOCUMENTATION_COMMENTS = YES;
				CLANG_WARN_UNGUARDED_AVAILABILITY = YES_AGGRESSIVE;
				CODE_SIGN_IDENTITY = "iPhone Developer";
				CODE_SIGN_STYLE = Automatic;
				DEBUG_INFORMATION_FORMAT = dwarf;
				DEVELOPMENT_TEAM = 6RN58493KK;
				FRAMEWORK_SEARCH_PATHS = (
					"$(inherited)",
					"$(PROJECT_DIR)",
				);
				GCC_C_LANGUAGE_STANDARD = gnu11;
				INFOPLIST_FILE = neovmUtilsExampleUITests/Info.plist;
				IPHONEOS_DEPLOYMENT_TARGET = 12.1;
				LD_RUNPATH_SEARCH_PATHS = "$(inherited) @executable_path/Frameworks @loader_path/Frameworks";
				MTL_ENABLE_DEBUG_INFO = INCLUDE_SOURCE;
				MTL_FAST_MATH = YES;
				PRODUCT_BUNDLE_IDENTIFIER = RYU.neovmUtilsExampleUITests;
				PRODUCT_NAME = "$(TARGET_NAME)";
				SWIFT_ACTIVE_COMPILATION_CONDITIONS = DEBUG;
				SWIFT_VERSION = 5.0;
				TARGETED_DEVICE_FAMILY = "1,2";
				TEST_TARGET_NAME = neovmUtilsExample;
			};
			name = Debug;
		};
		7F6EF76F221C0CCD00B20AA7 /* Release */ = {
			isa = XCBuildConfiguration;
			buildSettings = {
				CLANG_ANALYZER_NONNULL = YES;
				CLANG_ANALYZER_NUMBER_OBJECT_CONVERSION = YES_AGGRESSIVE;
				CLANG_CXX_LANGUAGE_STANDARD = "gnu++14";
				CLANG_ENABLE_OBJC_WEAK = YES;
				CLANG_WARN_DOCUMENTATION_COMMENTS = YES;
				CLANG_WARN_UNGUARDED_AVAILABILITY = YES_AGGRESSIVE;
				CODE_SIGN_IDENTITY = "iPhone Developer";
				CODE_SIGN_STYLE = Automatic;
				DEVELOPMENT_TEAM = 6RN58493KK;
				FRAMEWORK_SEARCH_PATHS = (
					"$(inherited)",
					"$(PROJECT_DIR)",
				);
				GCC_C_LANGUAGE_STANDARD = gnu11;
				INFOPLIST_FILE = neovmUtilsExampleUITests/Info.plist;
				IPHONEOS_DEPLOYMENT_TARGET = 12.1;
				LD_RUNPATH_SEARCH_PATHS = "$(inherited) @executable_path/Frameworks @loader_path/Frameworks";
				MTL_FAST_MATH = YES;
				PRODUCT_BUNDLE_IDENTIFIER = RYU.neovmUtilsExampleUITests;
				PRODUCT_NAME = "$(TARGET_NAME)";
				SWIFT_VERSION = 5.0;
				TARGETED_DEVICE_FAMILY = "1,2";
				TEST_TARGET_NAME = neovmUtilsExample;
			};
			name = Release;
		};
/* End XCBuildConfiguration section */

/* Begin XCConfigurationList section */
		607FACCB1AFB9204008FA782 /* Build configuration list for PBXProject "neovmUtils" */ = {
			isa = XCConfigurationList;
			buildConfigurations = (
				607FACED1AFB9204008FA782 /* Debug */,
				607FACEE1AFB9204008FA782 /* Release */,
			);
			defaultConfigurationIsVisible = 0;
			defaultConfigurationName = Release;
		};
		607FACF21AFB9204008FA782 /* Build configuration list for PBXNativeTarget "neovmUtils_Tests" */ = {
			isa = XCConfigurationList;
			buildConfigurations = (
				607FACF31AFB9204008FA782 /* Debug */,
				607FACF41AFB9204008FA782 /* Release */,
			);
			defaultConfigurationIsVisible = 0;
			defaultConfigurationName = Release;
		};
		7F6EF76A221C0CCD00B20AA7 /* Build configuration list for PBXNativeTarget "neovmUtilsExample" */ = {
			isa = XCConfigurationList;
			buildConfigurations = (
				7F6EF76B221C0CCD00B20AA7 /* Debug */,
				7F6EF76C221C0CCD00B20AA7 /* Release */,
			);
			defaultConfigurationIsVisible = 0;
			defaultConfigurationName = Release;
		};
		7F6EF76D221C0CCD00B20AA7 /* Build configuration list for PBXNativeTarget "neovmUtilsExampleUITests" */ = {
			isa = XCConfigurationList;
			buildConfigurations = (
				7F6EF76E221C0CCD00B20AA7 /* Debug */,
				7F6EF76F221C0CCD00B20AA7 /* Release */,
			);
			defaultConfigurationIsVisible = 0;
			defaultConfigurationName = Release;
		};
/* End XCConfigurationList section */
	};
	rootObject = 607FACC81AFB9204008FA782 /* Project object */;
}
